
Microsoft Visual Studio Solution File, Format Version 12.00
# Visual Studio 15
VisualStudioVersion = 15.0.28307.1433
MinimumVisualStudioVersion = 10.0.40219.1
Project("{FAE04EC0-301F-11D3-BF4B-00C04F79EFBC}") = "ModelFirstApproach", "ModelFirstApproach\ModelFirstApproach.csproj", "{8E03718B-C0E0-4E3F-8BD3-E7A47717B15C}"
EndProject
Global
	GlobalSection(SolutionConfigurationPlatforms) = preSolution
		Debug|Any CPU = Debug|Any CPU
		Release|Any CPU = Release|Any CPU
	EndGlobalSection
	GlobalSection(ProjectConfigurationPlatforms) = postSolution
		{8E03718B-C0E0-4E3F-8BD3-E7A47717B15C}.Debug|Any CPU.ActiveCfg = Debug|Any CPU
		{8E03718B-C0E0-4E3F-8BD3-E7A47717B15C}.Debug|Any CPU.Build.0 = Debug|Any CPU
		{8E03718B-C0E0-4E3F-8BD3-E7A47717B15C}.Release|Any CPU.ActiveCfg = Release|Any CPU
		{8E03718B-C0E0-4E3F-8BD3-E7A47717B15C}.Release|Any CPU.Build.0 = Release|Any CPU
	EndGlobalSection
	GlobalSection(SolutionProperties) = preSolution
		HideSolutionNode = FALSE
	EndGlobalSection
	GlobalSection(ExtensibilityGlobals) = postSolution
		SolutionGuid = {E748BBF5-BB57-4B84-A3F2-B02EE34060D9}
	EndGlobalSection
EndGlobal
