
Microsoft Visual Studio Solution File, Format Version 12.00
# Visual Studio 15
VisualStudioVersion = 15.0.28307.1433
MinimumVisualStudioVersion = 10.0.40219.1
Project("{FAE04EC0-301F-11D3-BF4B-00C04F79EFBC}") = "Abstract class", "Abstract class\Abstract class.csproj", "{2EBB691D-2DD2-471A-8B88-76C7E07CCCFC}"
EndProject
Global
	GlobalSection(SolutionConfigurationPlatforms) = preSolution
		Debug|Any CPU = Debug|Any CPU
		Release|Any CPU = Release|Any CPU
	EndGlobalSection
	GlobalSection(ProjectConfigurationPlatforms) = postSolution
		{2EBB691D-2DD2-471A-8B88-76C7E07CCCFC}.Debug|Any CPU.ActiveCfg = Debug|Any CPU
		{2EBB691D-2DD2-471A-8B88-76C7E07CCCFC}.Debug|Any CPU.Build.0 = Debug|Any CPU
		{2EBB691D-2DD2-471A-8B88-76C7E07CCCFC}.Release|Any CPU.ActiveCfg = Release|Any CPU
		{2EBB691D-2DD2-471A-8B88-76C7E07CCCFC}.Release|Any CPU.Build.0 = Release|Any CPU
	EndGlobalSection
	GlobalSection(SolutionProperties) = preSolution
		HideSolutionNode = FALSE
	EndGlobalSection
	GlobalSection(ExtensibilityGlobals) = postSolution
		SolutionGuid = {398FCC95-260D-44C7-82D6-5CE77CF7EB2D}
	EndGlobalSection
EndGlobal
