
Microsoft Visual Studio Solution File, Format Version 12.00
# Visual Studio 15
VisualStudioVersion = 15.0.28307.1433
MinimumVisualStudioVersion = 10.0.40219.1
Project("{FAE04EC0-301F-11D3-BF4B-00C04F79EFBC}") = "StudentManagement", "StudentManagement\StudentManagement.csproj", "{4A6723FD-D65F-4A8C-8855-1F1FE6D5160A}"
EndProject
Global
	GlobalSection(SolutionConfigurationPlatforms) = preSolution
		Debug|Any CPU = Debug|Any CPU
		Release|Any CPU = Release|Any CPU
	EndGlobalSection
	GlobalSection(ProjectConfigurationPlatforms) = postSolution
		{4A6723FD-D65F-4A8C-8855-1F1FE6D5160A}.Debug|Any CPU.ActiveCfg = Debug|Any CPU
		{4A6723FD-D65F-4A8C-8855-1F1FE6D5160A}.Debug|Any CPU.Build.0 = Debug|Any CPU
		{4A6723FD-D65F-4A8C-8855-1F1FE6D5160A}.Release|Any CPU.ActiveCfg = Release|Any CPU
		{4A6723FD-D65F-4A8C-8855-1F1FE6D5160A}.Release|Any CPU.Build.0 = Release|Any CPU
	EndGlobalSection
	GlobalSection(SolutionProperties) = preSolution
		HideSolutionNode = FALSE
	EndGlobalSection
	GlobalSection(ExtensibilityGlobals) = postSolution
		SolutionGuid = {549B0C03-887B-46D0-BB93-434BB9EE786F}
	EndGlobalSection
EndGlobal
