
Microsoft Visual Studio Solution File, Format Version 12.00
# Visual Studio 15
VisualStudioVersion = 15.0.28307.1433
MinimumVisualStudioVersion = 10.0.40219.1
Project("{FAE04EC0-301F-11D3-BF4B-00C04F79EFBC}") = "DataFirst", "DataFirst\DataFirst.csproj", "{2E259100-C9F1-47CE-8C1E-CB062C530705}"
EndProject
Global
	GlobalSection(SolutionConfigurationPlatforms) = preSolution
		Debug|Any CPU = Debug|Any CPU
		Release|Any CPU = Release|Any CPU
	EndGlobalSection
	GlobalSection(ProjectConfigurationPlatforms) = postSolution
		{2E259100-C9F1-47CE-8C1E-CB062C530705}.Debug|Any CPU.ActiveCfg = Debug|Any CPU
		{2E259100-C9F1-47CE-8C1E-CB062C530705}.Debug|Any CPU.Build.0 = Debug|Any CPU
		{2E259100-C9F1-47CE-8C1E-CB062C530705}.Release|Any CPU.ActiveCfg = Release|Any CPU
		{2E259100-C9F1-47CE-8C1E-CB062C530705}.Release|Any CPU.Build.0 = Release|Any CPU
	EndGlobalSection
	GlobalSection(SolutionProperties) = preSolution
		HideSolutionNode = FALSE
	EndGlobalSection
	GlobalSection(ExtensibilityGlobals) = postSolution
		SolutionGuid = {0EAF7A7F-E3E3-46F2-B9CA-E3541F0191C5}
	EndGlobalSection
EndGlobal
